
Microsoft Visual Studio Solution File, Format Version 12.00
# Visual Studio Version 16
VisualStudioVersion = 16.0.29230.47
MinimumVisualStudioVersion = 10.0.40219.1
Project("{FAE04EC0-301F-11D3-BF4B-00C04F79EFBC}") = "Databank_Eksamens_Projekt", "Databank_Eksamens_Projekt\Databank_Eksamens_Projekt.csproj", "{11328ADA-E5CF-417B-BF8E-A5BD179776AB}"
EndProject
Global
	GlobalSection(SolutionConfigurationPlatforms) = preSolution
		Debug|Any CPU = Debug|Any CPU
		Release|Any CPU = Release|Any CPU
	EndGlobalSection
	GlobalSection(ProjectConfigurationPlatforms) = postSolution
		{11328ADA-E5CF-417B-BF8E-A5BD179776AB}.Debug|Any CPU.ActiveCfg = Debug|Any CPU
		{11328ADA-E5CF-417B-BF8E-A5BD179776AB}.Debug|Any CPU.Build.0 = Debug|Any CPU
		{11328ADA-E5CF-417B-BF8E-A5BD179776AB}.Release|Any CPU.ActiveCfg = Release|Any CPU
		{11328ADA-E5CF-417B-BF8E-A5BD179776AB}.Release|Any CPU.Build.0 = Release|Any CPU
	EndGlobalSection
	GlobalSection(SolutionProperties) = preSolution
		HideSolutionNode = FALSE
	EndGlobalSection
	GlobalSection(ExtensibilityGlobals) = postSolution
		SolutionGuid = {5FFAC4BE-42D3-47E0-8EC9-7A6AC0D41ABF}
	EndGlobalSection
EndGlobal
